NeoBundleLock Gist.vim 7f279e51590494a9b6af1180770e0b5f46d3a13b
NeoBundleLock The-NERD-Commenter 49ad4597dd8ed8ecb210ba9cbc9f42a5f47adb35
NeoBundleLock The-NERD-tree e5d1943ecacaa62f2666c067b14e5777f8e5b0f3
NeoBundleLock neobundle.vim 26d03781886ed887e390d4ad8b935987754b1c2c
NeoBundleLock unite.vim 2a5b2191db1ebbd17b05536699f2673eb1a6bcd7
NeoBundleLock vimproc 81f4fa5239705724a49fbecd3299ced843f4972f
